hash: f1c803e9007536f6d066f4eb02d089a22b193b5a66a36af62c46f23ef524e84e
updated: 2020-01-16T17:42:47.271562-05:00
imports:
- name: github.com/btcsuite/btcd
  version: 130ea5bddde33df32b06a1cdb42a6316eb73cff5
  subpackages:
  - btcec
  - btcjson
  - chaincfg
  - chaincfg/chainhash
  - rpcclient
  - txscript
  - wire
- name: github.com/btcsuite/btclog
  version: 84c8d2346e9fc8c7b947e243b9c24e6df9fd206a
- name: github.com/btcsuite/btcutil
  version: 9e5f4b9a998d263e3ce9c56664a7816001ac8000
  subpackages:
  - base58
  - bech32
- name: github.com/btcsuite/btcwallet
  version: 95d7aa0b4953bd67cd265f4a378ea2cde52c54d1
  subpackages:
  - wallet/txrules
- name: github.com/btcsuite/go-socks
  version: 4720035b7bfd2a9bb130b1c184f8bbe41b6f0d0f
  subpackages:
  - socks
- name: github.com/btcsuite/websocket
  version: 31079b6807923eb23992c421b114992b95131b55
- name: github.com/go-stack/stack
  version: 2fee6af1a9795aafbe0253a0cfbdf668e1fb8a9a
- name: github.com/golang/protobuf
  version: 925541529c1fa6821df4e44ce2723319eb2be768
  subpackages:
  - jsonpb
  - proto
  - protoc-gen-go
  - protoc-gen-go/descriptor
  - protoc-gen-go/generator
  - protoc-gen-go/plugin
  - ptypes/any
  - ptypes/duration
  - ptypes/struct
  - ptypes/timestamp
  - ptypes/wrappers
- name: github.com/golang/snappy
  version: ff6b7dc882cf4cfba7ee0b9f7dcc1ac096c554aa
- name: github.com/grpc-ecosystem/grpc-gateway
  version: 6527435ba8b22462597eda661d39ac0a3eeed369
  subpackages:
  - internal
  - runtime
  - utilities
- name: github.com/inconshreveable/mousetrap
  version: 76626ae9c91c4f2a10f34cad8ce83ea42c93bb75
- name: github.com/klauspost/compress
  version: 81b3ddd36b37a1a13f3e63e2f50c50d56b8f0251
  subpackages:
  - fse
  - huff0
  - snappy
  - zstd
  - zstd/internal/xxhash
- name: github.com/pkg/errors
  version: 614d223910a179a466c1767a985424175c39b465
- name: github.com/spf13/cobra
  version: f2b07da1e2c38d5f12845a4f607e2e1018cbb1f5
  subpackages:
  - cobra
- name: github.com/spf13/pflag
  version: 2e9d26c8c37aae03e3f9d4e90b7116f5accb7cab
- name: github.com/xdg/scram
  version: 7eeb5667e42c09cb51bf7b7c28aea8c56767da90
- name: github.com/xdg/stringprep
  version: 73f8eece6fdcd902c185bf651de50f3828bed5ed
- name: go.mongodb.org/mongo-driver
  version: afd796b6135cb135a7aebc65dcb31610c5a922ef
  subpackages:
  - bson
  - bson/bsoncodec
  - bson/bsonoptions
  - bson/bsonrw
  - bson/bsontype
  - bson/primitive
  - event
  - internal
  - mongo
  - mongo/options
  - mongo/readconcern
  - mongo/readpref
  - mongo/writeconcern
  - tag
  - version
  - x/bsonx
  - x/bsonx/bsoncore
  - x/mongo/driver
  - x/mongo/driver/address
  - x/mongo/driver/auth
  - x/mongo/driver/auth/internal/gssapi
  - x/mongo/driver/connstring
  - x/mongo/driver/description
  - x/mongo/driver/dns
  - x/mongo/driver/mongocrypt
  - x/mongo/driver/mongocrypt/options
  - x/mongo/driver/operation
  - x/mongo/driver/session
  - x/mongo/driver/topology
  - x/mongo/driver/uuid
  - x/mongo/driver/wiremessage
- name: golang.org/x/crypto
  version: 6d4e4cb37c7d6416dfea8472e751c7b6615267a6
  subpackages:
  - pbkdf2
  - ripemd160
- name: golang.org/x/net
  version: aa69164e4478b84860dc6769c710c699c67058a3
  subpackages:
  - context
  - http/httpguts
  - http2
  - http2/hpack
  - idna
  - internal/timeseries
  - trace
- name: golang.org/x/sync
  version: cd5d95a43a6e21273425c7ae415d3df9ea832eeb
  subpackages:
  - semaphore
- name: golang.org/x/text
  version: 3d0f7978add91030e5e8976ff65ccdd828286cba
  subpackages:
  - secure/bidirule
  - transform
  - unicode/bidi
  - unicode/norm
- name: google.golang.org/genproto
  version: b8fbc687dcfb8a4f653770e1ea13fc3d0c5085f0
  subpackages:
  - googleapis/api/annotations
  - googleapis/api/httpbody
  - protobuf/field_mask
- name: google.golang.org/grpc
  version: 13edeeffdea7a41d5aad96c28deb4c7bd01a9397
  subpackages:
  - codes
  - credentials
  - grpclog
  - internal
  - metadata
  - naming
  - peer
  - transport
- name: gopkg.in/mgo.v2
  version: a6b53ec6cb22a3699387a57a161566f9402ee85b
  subpackages:
  - bson
  - internal/json
testImports: []
